# @generated - this file is auto-generated by `mise lock` https://mise.jdx.dev/dev-tools/mise-lock.html

[[tools.entire]]
version = "0.10.0"
backend = "aqua:entireio/cli"

[tools.entire."platforms.linux-x64"]
checksum = "sha256:ceccb056b8f7991d98d5f9819bf5665c39a34da87e68e5677a154602c0254ecc"
url = "https://github.com/entireio/cli/releases/download/v0.10.0/entire_linux_amd64.tar.gz"
url_api = "https://api.github.com/repos/entireio/cli/releases/assets/511959146"

[[tools."npm:openwiki"]]
version = "0.3.3"
backend = "npm:openwiki"

[[tools."pipx:commitizen"]]
version = "4.17.1"
backend = "pipx:commitizen"

[[tools.prek]]
version = "0.4.14"
backend = "aqua:j178/prek"

[tools.prek."platforms.linux-x64"]
checksum = "sha256:388f2e5216684c22e635dc1bde1bac5bd008a5dfc21c754ced382d19ff31413b"
url = "https://github.com/j178/prek/releases/download/v0.4.14/prek-x86_64-unknown-linux-musl.tar.gz"
url_api = "https://api.github.com/repos/j178/prek/releases/assets/517620606"
provenance = "github-attestations"

[[tools.rust]]
version = "stable"
backend = "core:rust"

[[tools.tombi]]
version = "1.2.4"
backend = "aqua:tombi-toml/tombi"

[tools.tombi."platforms.linux-x64"]
checksum = "sha256:a74364d9c27835cefd9d7d9e4fee0487a7f68bc5289650e61050d6b0c395dc4d"
url = "https://github.com/tombi-toml/tombi/releases/download/v1.2.4/tombi-cli-1.2.4-x86_64-unknown-linux-musl.tar.gz"
url_api = "https://api.github.com/repos/tombi-toml/tombi/releases/assets/482325758"
provenance = "github-attestations"
